
Microsoft Visual Studio Solution File, Format Version 12.00
# Visual Studio Version 17
VisualStudioVersion = 17.10.34928.147
MinimumVisualStudioVersion = 10.0.40219.1
Project("{FAE04EC0-301F-11D3-BF4B-00C04F79EFBC}") = "SimpleListTarea", "SimpleListTarea.csproj", "{4F4C9F5D-18F6-42C7-811B-0F2A60A18882}"
EndProject
Global
	GlobalSection(SolutionConfigurationPlatforms) = preSolution
		Debug|Any CPU = Debug|Any CPU
		Release|Any CPU = Release|Any CPU
	EndGlobalSection
	GlobalSection(ProjectConfigurationPlatforms) = postSolution
		{4F4C9F5D-18F6-42C7-811B-0F2A60A18882}.Debug|Any CPU.ActiveCfg = Debug|Any CPU
		{4F4C9F5D-18F6-42C7-811B-0F2A60A18882}.Debug|Any CPU.Build.0 = Debug|Any CPU
		{4F4C9F5D-18F6-42C7-811B-0F2A60A18882}.Release|Any CPU.ActiveCfg = Release|Any CPU
		{4F4C9F5D-18F6-42C7-811B-0F2A60A18882}.Release|Any CPU.Build.0 = Release|Any CPU
	EndGlobalSection
	GlobalSection(SolutionProperties) = preSolution
		HideSolutionNode = FALSE
	EndGlobalSection
	GlobalSection(ExtensibilityGlobals) = postSolution
		SolutionGuid = {19A9C137-3B8B-48D5-9631-67081C7AC848}
	EndGlobalSection
EndGlobal
